PODS:
  - Alamofire (4.7.3)
  - Crashlytics (3.10.9):
    - Fabric (~> 1.7.13)
  - Fabric (1.7.13)
  - lottie-ios (2.5.0)
  - SnapKit (4.0.1)

DEPENDENCIES:
  - Alamofire
  - Crashlytics
  - lottie-ios
  - SnapKit

SPEC REPOS:
  https://github.com/cocoapods/specs.git:
    - Alamofire
    - Crashlytics
    - Fabric
    - lottie-ios
    - SnapKit

SPEC CHECKSUMS:
  Alamofire: c7287b6e5d7da964a70935e5db17046b7fde6568
  Crashlytics: 55e24fc23989680285a21cb1146578d9d18e432c
  Fabric: 25d0963b691fc97be566392243ff0ecef5a68338
  lottie-ios: d699fdee68d7b63e721d949388b015fef1aaa4ac
  SnapKit: 0de968a9fec17499afa29683b05d0c775b6d1c29

PODFILE CHECKSUM: bc83cf7ffcf920d7750c6c8b734c0c3c3e0b7117

COCOAPODS: 1.5.3
